
Microsoft Visual Studio Solution File, Format Version 12.00
# Visual Studio Version 16
VisualStudioVersion = 16.0.31321.278
MinimumVisualStudioVersion = 10.0.40219.1
Project("{FAE04EC0-301F-11D3-BF4B-00C04F79EFBC}") = "VirtualCard", "VirtualCard\VirtualCard.csproj", "{C33DFA3A-90C2-49D5-B583-8BF6431C1C58}"
EndProject
Global
	GlobalSection(SolutionConfigurationPlatforms) = preSolution
		Debug|Any CPU = Debug|Any CPU
		Release|Any CPU = Release|Any CPU
	EndGlobalSection
	GlobalSection(ProjectConfigurationPlatforms) = postSolution
		{C33DFA3A-90C2-49D5-B583-8BF6431C1C58}.Debug|Any CPU.ActiveCfg = Debug|Any CPU
		{C33DFA3A-90C2-49D5-B583-8BF6431C1C58}.Debug|Any CPU.Build.0 = Debug|Any CPU
		{C33DFA3A-90C2-49D5-B583-8BF6431C1C58}.Release|Any CPU.ActiveCfg = Release|Any CPU
		{C33DFA3A-90C2-49D5-B583-8BF6431C1C58}.Release|Any CPU.Build.0 = Release|Any CPU
	EndGlobalSection
	GlobalSection(SolutionProperties) = preSolution
		HideSolutionNode = FALSE
	EndGlobalSection
	GlobalSection(ExtensibilityGlobals) = postSolution
		SolutionGuid = {9690946E-B4DD-4014-A4B1-9C35353EA3BE}
	EndGlobalSection
EndGlobal
